
Microsoft Visual Studio Solution File, Format Version 12.00
# Visual Studio Version 17
VisualStudioVersion = 17.5.33516.290
MinimumVisualStudioVersion = 10.0.40219.1
Project("{FAE04EC0-301F-11D3-BF4B-00C04F79EFBC}") = "ZuydWorld", "ZuydWorld\ZuydWorld.csproj", "{0990F8F4-28ED-447A-8867-110F2790A856}"
EndProject
Global
	GlobalSection(SolutionConfigurationPlatforms) = preSolution
		Debug|Any CPU = Debug|Any CPU
		Release|Any CPU = Release|Any CPU
	EndGlobalSection
	GlobalSection(ProjectConfigurationPlatforms) = postSolution
		{0990F8F4-28ED-447A-8867-110F2790A856}.Debug|Any CPU.ActiveCfg = Debug|Any CPU
		{0990F8F4-28ED-447A-8867-110F2790A856}.Debug|Any CPU.Build.0 = Debug|Any CPU
		{0990F8F4-28ED-447A-8867-110F2790A856}.Release|Any CPU.ActiveCfg = Release|Any CPU
		{0990F8F4-28ED-447A-8867-110F2790A856}.Release|Any CPU.Build.0 = Release|Any CPU
	EndGlobalSection
	GlobalSection(SolutionProperties) = preSolution
		HideSolutionNode = FALSE
	EndGlobalSection
	GlobalSection(ExtensibilityGlobals) = postSolution
		SolutionGuid = {E8741831-C638-4B89-ADCF-9065A9F2ADE5}
	EndGlobalSection
EndGlobal
